// !$*UTF8*$!
{
	archiveVersion = 1;
	classes = {
	};
	objectVersion = 50;
	objects = {

/* Begin PBXBuildFile section */
		8367278A28BABFEA005F4943 /* AppDelegate.swift in Sources */ = {isa = PBXBuildFile; fileRef = 8367278928BABFEA005F4943 /* AppDelegate.swift */; };
		8367278C28BABFEB005F4943 /* ViewController.swift in Sources */ = {isa = PBXBuildFile; fileRef = 8367278B28BABFEB005F4943 /* ViewController.swift */; };
		8367278F28BABFEB005F4943 /* Main.storyboard in Resources */ = {isa = PBXBuildFile; fileRef = 8367278D28BABFEB005F4943 /* Main.storyboard */; };
		8367279128BABFF3005F4943 /* Assets.xcassets in Resources */ = {isa = PBXBuildFile; fileRef = 8367279028BABFF3005F4943 /* Assets.xcassets */; };
		8367279428BABFF3005F4943 /* LaunchScreen.storyboard in Resources */ = {isa = PBXBuildFile; fileRef = 8367279228BABFF3005F4943 /* LaunchScreen.storyboard */; };
		8367279F28BABFF3005F4943 /* Pre_workTests.swift in Sources */ = {isa = PBXBuildFile; fileRef = 8367279E28BABFF3005F4943 /* Pre_workTests.swift */; };
		836727AA28BABFF3005F4943 /* Pre_workUITests.swift in Sources */ = {isa = PBXBuildFile; fileRef = 836727A928BABFF3005F4943 /* Pre_workUITests.swift */; };
/* End PBXBuildFile section */

/* Begin PBXContainerItemProxy section */
		8367279B28BABFF3005F4943 /* PBXContainerItemProxy */ = {
			isa = PBXContainerItemProxy;
			containerPortal = 8367277E28BABFEA005F4943 /* Project object */;
			proxyType = 1;
			remoteGlobalIDString = 8367278528BABFEA005F4943;
			remoteInfo = "Pre-work";
		};
		836727A628BABFF3005F4943 /* PBXContainerItemProxy */ = {
			isa = PBXContainerItemProxy;
			containerPortal = 8367277E28BABFEA005F4943 /* Project object */;
			proxyType = 1;
			remoteGlobalIDString = 8367278528BABFEA005F4943;
			remoteInfo = "Pre-work";
		};
/* End PBXContainerItemProxy section */

/* Begin PBXFileReference section */
		8367278628BABFEA005F4943 /* Pre-work.app */ = {isa = PBXFileReference; explicitFileType = wrapper.application; includeInIndex = 0; path = "Pre-work.app"; sourceTree = BUILT_PRODUCTS_DIR; };
		8367278928BABFEA005F4943 /* AppDelegate.swift */ = {isa = PBXFileReference; lastKnownFileType = sourcecode.swift; path = AppDelegate.swift; sourceTree = "<group>"; };
		8367278B28BABFEB005F4943 /* ViewController.swift */ = {isa = PBXFileReference; lastKnownFileType = sourcecode.swift; path = ViewController.swift; sourceTree = "<group>"; };
		8367278E28BABFEB005F4943 /* Base */ = {isa = PBXFileReference; lastKnownFileType = file.storyboard; name = Base; path = Base.lproj/Main.storyboard; sourceTree = "<group>"; };
		8367279028BABFF3005F4943 /* Assets.xcassets */ = {isa = PBXFileReference; lastKnownFileType = folder.assetcatalog; path = Assets.xcassets; sourceTree = "<group>"; };
		8367279328BABFF3005F4943 /* Base */ = {isa = PBXFileReference; lastKnownFileType = file.storyboard; name = Base; path = Base.lproj/LaunchScreen.storyboard; sourceTree = "<group>"; };
		8367279528BABFF3005F4943 /* Info.plist */ = {isa = PBXFileReference; lastKnownFileType = text.plist.xml; path = Info.plist; sourceTree = "<group>"; };
		8367279A28BABFF3005F4943 /* Pre-workTests.xctest */ = {isa = PBXFileReference; explicitFileType = wrapper.cfbundle; includeInIndex = 0; path = "Pre-workTests.xctest"; sourceTree = BUILT_PRODUCTS_DIR; };
		8367279E28BABFF3005F4943 /* Pre_workTests.swift */ = {isa = PBXFileReference; lastKnownFileType = sourcecode.swift; path = Pre_workTests.swift; sourceTree = "<group>"; };
		836727A028BABFF3005F4943 /* Info.plist */ = {isa = PBXFileReference; lastKnownFileType = text.plist.xml; path = Info.plist; sourceTree = "<group>"; };
		836727A528BABFF3005F4943 /* Pre-workUITests.xctest */ = {isa = PBXFileReference; explicitFileType = wrapper.cfbundle; includeInIndex = 0; path = "Pre-workUITests.xctest"; sourceTree = BUILT_PRODUCTS_DIR; };
		836727A928BABFF3005F4943 /* Pre_workUITests.swift */ = {isa = PBXFileReference; lastKnownFileType = sourcecode.swift; path = Pre_workUITests.swift; sourceTree = "<group>"; };
		836727AB28BABFF3005F4943 /* Info.plist */ = {isa = PBXFileReference; lastKnownFileType = text.plist.xml; path = Info.plist; sourceTree = "<group>"; };
/* End PBXFileReference section */

/* Begin PBXFrameworksBuildPhase section */
		8367278328BABFEA005F4943 /* Frameworks */ = {
			isa = PBXFrameworksBuildPhase;
			buildActionMask = 2147483647;
			files = (
			);
			runOnlyForDeploymentPostprocessing = 0;
		};
		8367279728BABFF3005F4943 /* Frameworks */ = {
			isa = PBXFrameworksBuildPhase;
			buildActionMask = 2147483647;
			files = (
			);
			runOnlyForDeploymentPostprocessing = 0;
		};
		836727A228BABFF3005F4943 /* Frameworks */ = {
			isa = PBXFrameworksBuildPhase;
			buildActionMask = 2147483647;
			files = (
			);
			runOnlyForDeploymentPostprocessing = 0;
		};
/* End PBXFrameworksBuildPhase section */

/* Begin PBXGroup section */
		8367277D28BABFEA005F4943 = {
			isa = PBXGroup;
			children = (
				8367278828BABFEA005F4943 /* Pre-work */,
				8367279D28BABFF3005F4943 /* Pre-workTests */,
				836727A828BABFF3005F4943 /* Pre-workUITests */,
				8367278728BABFEA005F4943 /* Products */,
			);
			sourceTree = "<group>";
		};
		8367278728BABFEA005F4943 /* Products */ = {
			isa = PBXGroup;
			children = (
				8367278628BABFEA005F4943 /* Pre-work.app */,
				8367279A28BABFF3005F4943 /* Pre-workTests.xctest */,
				836727A528BABFF3005F4943 /* Pre-workUITests.xctest */,
			);
			name = Products;
			sourceTree = "<group>";
		};
		8367278828BABFEA005F4943 /* Pre-work */ = {
			isa = PBXGroup;
			children = (
				8367278928BABFEA005F4943 /* AppDelegate.swift */,
				8367278B28BABFEB005F4943 /* ViewController.swift */,
				8367278D28BABFEB005F4943 /* Main.storyboard */,
				8367279028BABFF3005F4943 /* Assets.xcassets */,
				8367279228BABFF3005F4943 /* LaunchScreen.storyboard */,
				8367279528BABFF3005F4943 /* Info.plist */,
			);
			path = "Pre-work";
			sourceTree = "<group>";
		};
		8367279D28BABFF3005F4943 /* Pre-workTests */ = {
			isa = PBXGroup;
			children = (
				8367279E28BABFF3005F4943 /* Pre_workTests.swift */,
				836727A028BABFF3005F4943 /* Info.plist */,
			);
			path = "Pre-workTests";
			sourceTree = "<group>";
		};
		836727A828BABFF3005F4943 /* Pre-workUITests */ = {
			isa = PBXGroup;
			children = (
				836727A928BABFF3005F4943 /* Pre_workUITests.swift */,
				836727AB28BABFF3005F4943 /* Info.plist */,
			);
			path = "Pre-workUITests";
			sourceTree = "<group>";
		};
/* End PBXGroup section */

/* Begin PBXNativeTarget section */
		8367278528BABFEA005F4943 /* Pre-work */ = {
			isa = PBXNativeTarget;
			buildConfigurationList = 836727AE28BABFF3005F4943 /* Build configuration list for PBXNativeTarget "Pre-work" */;
			buildPhases = (
				8367278228BABFEA005F4943 /* Sources */,
				8367278328BABFEA005F4943 /* Frameworks */,
				8367278428BABFEA005F4943 /* Resources */,
			);
			buildRules = (
			);
			dependencies = (
			);
			name = "Pre-work";
			productName = "Pre-work";
			productReference = 8367278628BABFEA005F4943 /* Pre-work.app */;
			productType = "com.apple.product-type.application";
		};
		8367279928BABFF3005F4943 /* Pre-workTests */ = {
			isa = PBXNativeTarget;
			buildConfigurationList = 836727B128BABFF3005F4943 /* Build configuration list for PBXNativeTarget "Pre-workTests" */;
			buildPhases = (
				8367279628BABFF3005F4943 /* Sources */,
				8367279728BABFF3005F4943 /* Frameworks */,
				8367279828BABFF3005F4943 /* Resources */,
			);
			buildRules = (
			);
			dependencies = (
				8367279C28BABFF3005F4943 /* PBXTargetDependency */,
			);
			name = "Pre-workTests";
			productName = "Pre-workTests";
			productReference = 8367279A28BABFF3005F4943 /* Pre-workTests.xctest */;
			productType = "com.apple.product-type.bundle.unit-test";
		};
		836727A428BABFF3005F4943 /* Pre-workUITests */ = {
			isa = PBXNativeTarget;
			buildConfigurationList = 836727B428BABFF3005F4943 /* Build configuration list for PBXNativeTarget "Pre-workUITests" */;
			buildPhases = (
				836727A128BABFF3005F4943 /* Sources */,
				836727A228BABFF3005F4943 /* Frameworks */,
				836727A328BABFF3005F4943 /* Resources */,
			);
			buildRules = (
			);
			dependencies = (
				836727A728BABFF3005F4943 /* PBXTargetDependency */,
			);
			name = "Pre-workUITests";
			productName = "Pre-workUITests";
			productReference = 836727A528BABFF3005F4943 /* Pre-workUITests.xctest */;
			productType = "com.apple.product-type.bundle.ui-testing";
		};
/* End PBXNativeTarget section */

/* Begin PBXProject section */
		8367277E28BABFEA005F4943 /* Project object */ = {
			isa = PBXProject;
			attributes = {
				LastSwiftUpdateCheck = 1010;
				LastUpgradeCheck = 1010;
				ORGANIZATIONNAME = "Chris Lai";
				TargetAttributes = {
					8367278528BABFEA005F4943 = {
						CreatedOnToolsVersion = 10.1;
					};
					8367279928BABFF3005F4943 = {
						CreatedOnToolsVersion = 10.1;
						TestTargetID = 8367278528BABFEA005F4943;
					};
					836727A428BABFF3005F4943 = {
						CreatedOnToolsVersion = 10.1;
						TestTargetID = 8367278528BABFEA005F4943;
					};
				};
			};
			buildConfigurationList = 8367278128BABFEA005F4943 /* Build configuration list for PBXProject "Pre-work" */;
			compatibilityVersion = "Xcode 9.3";
			developmentRegion = en;
			hasScannedForEncodings = 0;
			knownRegions = (
				en,
				Base,
			);
			mainGroup = 8367277D28BABFEA005F4943;
			productRefGroup = 8367278728BABFEA005F4943 /* Products */;
			projectDirPath = "";
			projectRoot = "";
			targets = (
				8367278528BABFEA005F4943 /* Pre-work */,
				8367279928BABFF3005F4943 /* Pre-workTests */,
				836727A428BABFF3005F4943 /* Pre-workUITests */,
			);
		};
/* End PBXProject section */

/* Begin PBXResourcesBuildPhase section */
		8367278428BABFEA005F4943 /* Resources */ = {
			isa = PBXResourcesBuildPhase;
			buildActionMask = 2147483647;
			files = (
				8367279428BABFF3005F4943 /* LaunchScreen.storyboard in Resources */,
				8367279128BABFF3005F4943 /* Assets.xcassets in Resources */,
				8367278F28BABFEB005F4943 /* Main.storyboard in Resources */,
			);
			runOnlyForDeploymentPostprocessing = 0;
		};
		8367279828BABFF3005F4943 /* Resources */ = {
			isa = PBXResourcesBuildPhase;
			buildActionMask = 2147483647;
			files = (
			);
			runOnlyForDeploymentPostprocessing = 0;
		};
		836727A328BABFF3005F4943 /* Resources */ = {
			isa = PBXResourcesBuildPhase;
			buildActionMask = 2147483647;
			files = (
			);
			runOnlyForDeploymentPostprocessing = 0;
		};
/* End PBXResourcesBuildPhase section */

/* Begin PBXSourcesBuildPhase section */
		8367278228BABFEA005F4943 /* Sources */ = {
			isa = PBXSourcesBuildPhase;
			buildActionMask = 2147483647;
			files = (
				8367278C28BABFEB005F4943 /* ViewController.swift in Sources */,
				8367278A28BABFEA005F4943 /* AppDelegate.swift in Sources */,
			);
			runOnlyForDeploymentPostprocessing = 0;
		};
		8367279628BABFF3005F4943 /* Sources */ = {
			isa = PBXSourcesBuildPhase;
			buildActionMask = 2147483647;
			files = (
				8367279F28BABFF3005F4943 /* Pre_workTests.swift in Sources */,
			);
			runOnlyForDeploymentPostprocessing = 0;
		};
		836727A128BABFF3005F4943 /* Sources */ = {
			isa = PBXSourcesBuildPhase;
			buildActionMask = 2147483647;
			files = (
				836727AA28BABFF3005F4943 /* Pre_workUITests.swift in Sources */,
			);
			runOnlyForDeploymentPostprocessing = 0;
		};
/* End PBXSourcesBuildPhase section */

/* Begin PBXTargetDependency section */
		8367279C28BABFF3005F4943 /* PBXTargetDependency */ = {
			isa = PBXTargetDependency;
			target = 8367278528BABFEA005F4943 /* Pre-work */;
			targetProxy = 8367279B28BABFF3005F4943 /* PBXContainerItemProxy */;
		};
		836727A728BABFF3005F4943 /* PBXTargetDependency */ = {
			isa = PBXTargetDependency;
			target = 8367278528BABFEA005F4943 /* Pre-work */;
			targetProxy = 836727A628BABFF3005F4943 /* PBXContainerItemProxy */;
		};
/* End PBXTargetDependency section */

/* Begin PBXVariantGroup section */
		8367278D28BABFEB005F4943 /* Main.storyboard */ = {
			isa = PBXVariantGroup;
			children = (
				8367278E28BABFEB005F4943 /* Base */,
			);
			name = Main.storyboard;
			sourceTree = "<group>";
		};
		8367279228BABFF3005F4943 /* LaunchScreen.storyboard */ = {
			isa = PBXVariantGroup;
			children = (
				8367279328BABFF3005F4943 /* Base */,
			);
			name = LaunchScreen.storyboard;
			sourceTree = "<group>";
		};
/* End PBXVariantGroup section */

/* Begin XCBuildConfiguration section */
		836727AC28BABFF3005F4943 /* Debug */ = {
			isa = XCBuildConfiguration;
			buildSettings = {
				ALWAYS_SEARCH_USER_PATHS = NO;
				CLANG_ANALYZER_NONNULL = YES;
				CLANG_ANALYZER_NUMBER_OBJECT_CONVERSION = YES_AGGRESSIVE;
				CLANG_CXX_LANGUAGE_STANDARD = "gnu++14";
				CLANG_CXX_LIBRARY = "libc++";
				CLANG_ENABLE_MODULES = YES;
				CLANG_ENABLE_OBJC_ARC = YES;
				CLANG_ENABLE_OBJC_WEAK = YES;
				CLANG_WARN_BLOCK_CAPTURE_AUTORELEASING = YES;
				CLANG_WARN_BOOL_CONVERSION = YES;
				CLANG_WARN_COMMA = YES;
				CLANG_WARN_CONSTANT_CONVERSION = YES;
				CLANG_WARN_DEPRECATED_OBJC_IMPLEMENTATIONS = YES;
				CLANG_WARN_DIRECT_OBJC_ISA_USAGE = YES_ERROR;
				CLANG_WARN_DOCUMENTATION_COMMENTS = YES;
				CLANG_WARN_EMPTY_BODY = YES;
				CLANG_WARN_ENUM_CONVERSION = YES;
				CLANG_WARN_INFINITE_RECURSION = YES;
				CLANG_WARN_INT_CONVERSION = YES;
				CLANG_WARN_NON_LITERAL_NULL_CONVERSION = YES;
				CLANG_WARN_OBJC_IMPLICIT_RETAIN_SELF = YES;
				CLANG_WARN_OBJC_LITERAL_CONVERSION = YES;
				CLANG_WARN_OBJC_ROOT_CLASS = YES_ERROR;
				CLANG_WARN_RANGE_LOOP_ANALYSIS = YES;
				CLANG_WARN_STRICT_PROTOTYPES = YES;
				CLANG_WARN_SUSPICIOUS_MOVE = YES;
				CLANG_WARN_UNGUARDED_AVAILABILITY = YES_AGGRESSIVE;
				CLANG_WARN_UNREACHABLE_CODE = YES;
				CLANG_WARN__DUPLICATE_METHOD_MATCH = YES;
				CODE_SIGN_IDENTITY = "iPhone Developer";
				COPY_PHASE_STRIP = NO;
				DEBUG_INFORMATION_FORMAT = dwarf;
				ENABLE_STRICT_OBJC_MSGSEND = YES;
				ENABLE_TESTABILITY = YES;
				GCC_C_LANGUAGE_STANDARD = gnu11;
				GCC_DYNAMIC_NO_PIC = NO;
				GCC_NO_COMMON_BLOCKS = YES;
				GCC_OPTIMIZATION_LEVEL = 0;
				GCC_PREPROCESSOR_DEFINITIONS = (
					"DEBUG=1",
					"$(inherited)",
				);
				GCC_WARN_64_TO_32_BIT_CONVERSION = YES;
				GCC_WARN_ABOUT_RETURN_TYPE = YES_ERROR;
				GCC_WARN_UNDECLARED_SELECTOR = YES;
				GCC_WARN_UNINITIALIZED_AUTOS = YES_AGGRESSIVE;
				GCC_WARN_UNUSED_FUNCTION = YES;
				GCC_WARN_UNUSED_VARIABLE = YES;
				IPHONEOS_DEPLOYMENT_TARGET = 12.1;
				MTL_ENABLE_DEBUG_INFO = INCLUDE_SOURCE;
				MTL_FAST_MATH = YES;
				ONLY_ACTIVE_ARCH = YES;
				SDKROOT = iphoneos;
				SWIFT_ACTIVE_COMPILATION_CONDITIONS = DEBUG;
				SWIFT_OPTIMIZATION_LEVEL = "-Onone";
			};
			name = Debug;
		};
		836727AD28BABFF3005F4943 /* Release */ = {
			isa = XCBuildConfiguration;
			buildSettings = {
				ALWAYS_SEARCH_USER_PATHS = NO;
				CLANG_ANALYZER_NONNULL = YES;
				CLANG_ANALYZER_NUMBER_OBJECT_CONVERSION = YES_AGGRESSIVE;
				CLANG_CXX_LANGUAGE_STANDARD = "gnu++14";
				CLANG_CXX_LIBRARY = "libc++";
				CLANG_ENABLE_MODULES = YES;
				CLANG_ENABLE_OBJC_ARC = YES;
				CLANG_ENABLE_OBJC_WEAK = YES;
				CLANG_WARN_BLOCK_CAPTURE_AUTORELEASING = YES;
				CLANG_WARN_BOOL_CONVERSION = YES;
				CLANG_WARN_COMMA = YES;
				CLANG_WARN_CONSTANT_CONVERSION = YES;
				CLANG_WARN_DEPRECATED_OBJC_IMPLEMENTATIONS = YES;
				CLANG_WARN_DIRECT_OBJC_ISA_USAGE = YES_ERROR;
				CLANG_WARN_DOCUMENTATION_COMMENTS = YES;
				CLANG_WARN_EMPTY_BODY = YES;
				CLANG_WARN_ENUM_CONVERSION = YES;
				CLANG_WARN_INFINITE_RECURSION = YES;
				CLANG_WARN_INT_CONVERSION = YES;
				CLANG_WARN_NON_LITERAL_NULL_CONVERSION = YES;
				CLANG_WARN_OBJC_IMPLICIT_RETAIN_SELF = YES;
				CLANG_WARN_OBJC_LITERAL_CONVERSION = YES;
				CLANG_WARN_OBJC_ROOT_CLASS = YES_ERROR;
				CLANG_WARN_RANGE_LOOP_ANALYSIS = YES;
				CLANG_WARN_STRICT_PROTOTYPES = YES;
				CLANG_WARN_SUSPICIOUS_MOVE = YES;
				CLANG_WARN_UNGUARDED_AVAILABILITY = YES_AGGRESSIVE;
				CLANG_WARN_UNREACHABLE_CODE = YES;
				CLANG_WARN__DUPLICATE_METHOD_MATCH = YES;
				CODE_SIGN_IDENTITY = "iPhone Developer";
				COPY_PHASE_STRIP = NO;
				DEBUG_INFORMATION_FORMAT = "dwarf-with-dsym";
				ENABLE_NS_ASSERTIONS = NO;
				ENABLE_STRICT_OBJC_MSGSEND = YES;
				GCC_C_LANGUAGE_STANDARD = gnu11;
				GCC_NO_COMMON_BLOCKS = YES;
				GCC_WARN_64_TO_32_BIT_CONVERSION = YES;
				GCC_WARN_ABOUT_RETURN_TYPE = YES_ERROR;
				GCC_WARN_UNDECLARED_SELECTOR = YES;
				GCC_WARN_UNINITIALIZED_AUTOS = YES_AGGRESSIVE;
				GCC_WARN_UNUSED_FUNCTION = YES;
				GCC_WARN_UNUSED_VARIABLE = YES;
				IPHONEOS_DEPLOYMENT_TARGET = 12.1;
				MTL_ENABLE_DEBUG_INFO = NO;
				MTL_FAST_MATH = YES;
				SDKROOT = iphoneos;
				SWIFT_COMPILATION_MODE = wholemodule;
				SWIFT_OPTIMIZATION_LEVEL = "-O";
				VALIDATE_PRODUCT = YES;
			};
			name = Release;
		};
		836727AF28BABFF3005F4943 /* Debug */ = {
			isa = XCBuildConfiguration;
			buildSettings = {
				ASSETCATALOG_COMPILER_APPICON_NAME = AppIcon;
				CODE_SIGN_STYLE = Automatic;
				INFOPLIST_FILE = "Pre-work/Info.plist";
				LD_RUNPATH_SEARCH_PATHS = (
					"$(inherited)",
					"@executable_path/Frameworks",
				);
				PRODUCT_BUNDLE_IDENTIFIER = "memo.com.Pre-work";
				PRODUCT_NAME = "$(TARGET_NAME)";
				SWIFT_VERSION = 4.2;
				TARGETED_DEVICE_FAMILY = "1,2";
			};
			name = Debug;
		};
		836727B028BABFF3005F4943 /* Release */ = {
			isa = XCBuildConfiguration;
			buildSettings = {
				ASSETCATALOG_COMPILER_APPICON_NAME = AppIcon;
				CODE_SIGN_STYLE = Automatic;
				INFOPLIST_FILE = "Pre-work/Info.plist";
				LD_RUNPATH_SEARCH_PATHS = (
					"$(inherited)",
					"@executable_path/Frameworks",
				);
				PRODUCT_BUNDLE_IDENTIFIER = "memo.com.Pre-work";
				PRODUCT_NAME = "$(TARGET_NAME)";
				SWIFT_VERSION = 4.2;
				TARGETED_DEVICE_FAMILY = "1,2";
			};
			name = Release;
		};
		836727B228BABFF3005F4943 /* Debug */ = {
			isa = XCBuildConfiguration;
			buildSettings = {
				ALWAYS_EMBED_SWIFT_STANDARD_LIBRARIES = YES;
				BUNDLE_LOADER = "$(TEST_HOST)";
				CODE_SIGN_STYLE = Automatic;
				INFOPLIST_FILE = "Pre-workTests/Info.plist";
				LD_RUNPATH_SEARCH_PATHS = (
					"$(inherited)",
					"@executable_path/Frameworks",
					"@loader_path/Frameworks",
				);
				PRODUCT_BUNDLE_IDENTIFIER = "memo.com.Pre-workTests";
				PRODUCT_NAME = "$(TARGET_NAME)";
				SWIFT_VERSION = 4.2;
				TARGETED_DEVICE_FAMILY = "1,2";
				TEST_HOST = "$(BUILT_PRODUCTS_DIR)/Pre-work.app/Pre-work";
			};
			name = Debug;
		};
		836727B328BABFF3005F4943 /* Release */ = {
			isa = XCBuildConfiguration;
			buildSettings = {
				ALWAYS_EMBED_SWIFT_STANDARD_LIBRARIES = YES;
				BUNDLE_LOADER = "$(TEST_HOST)";
				CODE_SIGN_STYLE = Automatic;
				INFOPLIST_FILE = "Pre-workTests/Info.plist";
				LD_RUNPATH_SEARCH_PATHS = (
					"$(inherited)",
					"@executable_path/Frameworks",
					"@loader_path/Frameworks",
				);
				PRODUCT_BUNDLE_IDENTIFIER = "memo.com.Pre-workTests";
				PRODUCT_NAME = "$(TARGET_NAME)";
				SWIFT_VERSION = 4.2;
				TARGETED_DEVICE_FAMILY = "1,2";
				TEST_HOST = "$(BUILT_PRODUCTS_DIR)/Pre-work.app/Pre-work";
			};
			name = Release;
		};
		836727B528BABFF3005F4943 /* Debug */ = {
			isa = XCBuildConfiguration;
			buildSettings = {
				ALWAYS_EMBED_SWIFT_STANDARD_LIBRARIES = YES;
				CODE_SIGN_STYLE = Automatic;
				INFOPLIST_FILE = "Pre-workUITests/Info.plist";
				LD_RUNPATH_SEARCH_PATHS = (
					"$(inherited)",
					"@executable_path/Frameworks",
					"@loader_path/Frameworks",
				);
				PRODUCT_BUNDLE_IDENTIFIER = "memo.com.Pre-workUITests";
				PRODUCT_NAME = "$(TARGET_NAME)";
				SWIFT_VERSION = 4.2;
				TARGETED_DEVICE_FAMILY = "1,2";
				TEST_TARGET_NAME = "Pre-work";
			};
			name = Debug;
		};
		836727B628BABFF3005F4943 /* Release */ = {
			isa = XCBuildConfiguration;
			buildSettings = {
				ALWAYS_EMBED_SWIFT_STANDARD_LIBRARIES = YES;
				CODE_SIGN_STYLE = Automatic;
				INFOPLIST_FILE = "Pre-workUITests/Info.plist";
				LD_RUNPATH_SEARCH_PATHS = (
					"$(inherited)",
					"@executable_path/Frameworks",
					"@loader_path/Frameworks",
				);
				PRODUCT_BUNDLE_IDENTIFIER = "memo.com.Pre-workUITests";
				PRODUCT_NAME = "$(TARGET_NAME)";
				SWIFT_VERSION = 4.2;
				TARGETED_DEVICE_FAMILY = "1,2";
				TEST_TARGET_NAME = "Pre-work";
			};
			name = Release;
		};
/* End XCBuildConfiguration section */

/* Begin XCConfigurationList section */
		8367278128BABFEA005F4943 /* Build configuration list for PBXProject "Pre-work" */ = {
			isa = XCConfigurationList;
			buildConfigurations = (
				836727AC28BABFF3005F4943 /* Debug */,
				836727AD28BABFF3005F4943 /* Release */,
			);
			defaultConfigurationIsVisible = 0;
			defaultConfigurationName = Release;
		};
		836727AE28BABFF3005F4943 /* Build configuration list for PBXNativeTarget "Pre-work" */ = {
			isa = XCConfigurationList;
			buildConfigurations = (
				836727AF28BABFF3005F4943 /* Debug */,
				836727B028BABFF3005F4943 /* Release */,
			);
			defaultConfigurationIsVisible = 0;
			defaultConfigurationName = Release;
		};
		836727B128BABFF3005F4943 /* Build configuration list for PBXNativeTarget "Pre-workTests" */ = {
			isa = XCConfigurationList;
			buildConfigurations = (
				836727B228BABFF3005F4943 /* Debug */,
				836727B328BABFF3005F4943 /* Release */,
			);
			defaultConfigurationIsVisible = 0;
			defaultConfigurationName = Release;
		};
		836727B428BABFF3005F4943 /* Build configuration list for PBXNativeTarget "Pre-workUITests" */ = {
			isa = XCConfigurationList;
			buildConfigurations = (
				836727B528BABFF3005F4943 /* Debug */,
				836727B628BABFF3005F4943 /* Release */,
			);
			defaultConfigurationIsVisible = 0;
			defaultConfigurationName = Release;
		};
/* End XCConfigurationList section */
	};
	rootObject = 8367277E28BABFEA005F4943 /* Project object */;
}
